
Microsoft Visual Studio Solution File, Format Version 12.00
# Visual Studio Version 17
VisualStudioVersion = 17.4.33205.214
MinimumVisualStudioVersion = 10.0.40219.1
Project("{FAE04EC0-301F-11D3-BF4B-00C04F79EFBC}") = "Arrays", "Arrays\Arrays.csproj", "{97C85680-7EE1-410F-BE50-741AACBC324B}"
EndProject
Global
	GlobalSection(SolutionConfigurationPlatforms) = preSolution
		Debug|Any CPU = Debug|Any CPU
		Release|Any CPU = Release|Any CPU
	EndGlobalSection
	GlobalSection(ProjectConfigurationPlatforms) = postSolution
		{97C85680-7EE1-410F-BE50-741AACBC324B}.Debug|Any CPU.ActiveCfg = Debug|Any CPU
		{97C85680-7EE1-410F-BE50-741AACBC324B}.Debug|Any CPU.Build.0 = Debug|Any CPU
		{97C85680-7EE1-410F-BE50-741AACBC324B}.Release|Any CPU.ActiveCfg = Release|Any CPU
		{97C85680-7EE1-410F-BE50-741AACBC324B}.Release|Any CPU.Build.0 = Release|Any CPU
	EndGlobalSection
	GlobalSection(SolutionProperties) = preSolution
		HideSolutionNode = FALSE
	EndGlobalSection
	GlobalSection(ExtensibilityGlobals) = postSolution
		SolutionGuid = {21859ABA-C7EA-4282-998A-36E1C83929F9}
	EndGlobalSection
EndGlobal
